
Microsoft Visual Studio Solution File, Format Version 12.00
# Visual Studio Version 17
VisualStudioVersion = 17.3.32929.385
MinimumVisualStudioVersion = 10.0.40219.1
Project("{FAE04EC0-301F-11D3-BF4B-00C04F79EFBC}") = "punto4", "punto4\punto4.csproj", "{EA83EED7-F5A2-48CA-BCAA-C58741BE3899}"
EndProject
Global
	GlobalSection(SolutionConfigurationPlatforms) = preSolution
		Debug|Any CPU = Debug|Any CPU
		Release|Any CPU = Release|Any CPU
	EndGlobalSection
	GlobalSection(ProjectConfigurationPlatforms) = postSolution
		{EA83EED7-F5A2-48CA-BCAA-C58741BE3899}.Debug|Any CPU.ActiveCfg = Debug|Any CPU
		{EA83EED7-F5A2-48CA-BCAA-C58741BE3899}.Debug|Any CPU.Build.0 = Debug|Any CPU
		{EA83EED7-F5A2-48CA-BCAA-C58741BE3899}.Release|Any CPU.ActiveCfg = Release|Any CPU
		{EA83EED7-F5A2-48CA-BCAA-C58741BE3899}.Release|Any CPU.Build.0 = Release|Any CPU
	EndGlobalSection
	GlobalSection(SolutionProperties) = preSolution
		HideSolutionNode = FALSE
	EndGlobalSection
	GlobalSection(ExtensibilityGlobals) = postSolution
		SolutionGuid = {D2BAB292-BC1E-4D4B-8CBD-F93F982B5111}
	EndGlobalSection
EndGlobal
